
Microsoft Visual Studio Solution File, Format Version 12.00
# Visual Studio 15
VisualStudioVersion = 15.0.27703.2026
MinimumVisualStudioVersion = 10.0.40219.1
Project("{FAE04EC0-301F-11D3-BF4B-00C04F79EFBC}") = "XCI.Explorer", "XCI.Explorer.csproj", "{89DBE891-22C7-40FF-A3D3-36F26224E09D}"
EndProject
Project("{FAE04EC0-301F-11D3-BF4B-00C04F79EFBC}") = "XCI.Model", "XCI.Model\XCI.Model.csproj", "{F86D7939-90F5-495C-B32D-E0DC3A426375}"
EndProject
Project("{FAE04EC0-301F-11D3-BF4B-00C04F79EFBC}") = "XCI.XTSSharp", "XCI.XTSSharp\XCI.XTSSharp.csproj", "{9BD7F659-60F6-4EE1-8FF4-3405CCCC6872}"
EndProject
Project("{FAE04EC0-301F-11D3-BF4B-00C04F79EFBC}") = "XCI.UnitTests", "XCI.UnitTests\XCI.UnitTests.csproj", "{0DCF6FA0-6022-4DC8-803B-D8AFE4C9FE61}"
EndProject
Global
	GlobalSection(SolutionConfigurationPlatforms) = preSolution
		Debug|Any CPU = Debug|Any CPU
		Release|Any CPU = Release|Any CPU
	EndGlobalSection
	GlobalSection(ProjectConfigurationPlatforms) = postSolution
		{89DBE891-22C7-40FF-A3D3-36F26224E09D}.Debug|Any CPU.ActiveCfg = Debug|Any CPU
		{89DBE891-22C7-40FF-A3D3-36F26224E09D}.Debug|Any CPU.Build.0 = Debug|Any CPU
		{89DBE891-22C7-40FF-A3D3-36F26224E09D}.Release|Any CPU.ActiveCfg = Release|Any CPU
		{89DBE891-22C7-40FF-A3D3-36F26224E09D}.Release|Any CPU.Build.0 = Release|Any CPU
		{F86D7939-90F5-495C-B32D-E0DC3A426375}.Debug|Any CPU.ActiveCfg = Debug|Any CPU
		{F86D7939-90F5-495C-B32D-E0DC3A426375}.Debug|Any CPU.Build.0 = Debug|Any CPU
		{F86D7939-90F5-495C-B32D-E0DC3A426375}.Release|Any CPU.ActiveCfg = Release|Any CPU
		{F86D7939-90F5-495C-B32D-E0DC3A426375}.Release|Any CPU.Build.0 = Release|Any CPU
		{9BD7F659-60F6-4EE1-8FF4-3405CCCC6872}.Debug|Any CPU.ActiveCfg = Debug|Any CPU
		{9BD7F659-60F6-4EE1-8FF4-3405CCCC6872}.Debug|Any CPU.Build.0 = Debug|Any CPU
		{9BD7F659-60F6-4EE1-8FF4-3405CCCC6872}.Release|Any CPU.ActiveCfg = Release|Any CPU
		{9BD7F659-60F6-4EE1-8FF4-3405CCCC6872}.Release|Any CPU.Build.0 = Release|Any CPU
		{0DCF6FA0-6022-4DC8-803B-D8AFE4C9FE61}.Debug|Any CPU.ActiveCfg = Debug|Any CPU
		{0DCF6FA0-6022-4DC8-803B-D8AFE4C9FE61}.Debug|Any CPU.Build.0 = Debug|Any CPU
		{0DCF6FA0-6022-4DC8-803B-D8AFE4C9FE61}.Release|Any CPU.ActiveCfg = Release|Any CPU
		{0DCF6FA0-6022-4DC8-803B-D8AFE4C9FE61}.Release|Any CPU.Build.0 = Release|Any CPU
	EndGlobalSection
	GlobalSection(SolutionProperties) = preSolution
		HideSolutionNode = FALSE
	EndGlobalSection
	GlobalSection(ExtensibilityGlobals) = postSolution
		SolutionGuid = {1F73AFFB-5BC0-4923-9D40-CD671B603EC9}
	EndGlobalSection
EndGlobal
